
Microsoft Visual Studio Solution File, Format Version 12.00
# Visual Studio 15
VisualStudioVersion = 15.0.27703.2047
MinimumVisualStudioVersion = 10.0.40219.1
Project("{2150E333-8FDC-42A3-9474-1A3956D46DE8}") = "Solution Items", "Solution Items", "{8E671208-0A09-4CAC-AFDF-48C9E1A5030F}"
	ProjectSection(SolutionItems) = preProject
		HttpModule.Settings.xml = HttpModule.Settings.xml
	EndProjectSection
EndProject
Project("{FAE04EC0-301F-11D3-BF4B-00C04F79EFBC}") = "Authenticator.HttpModule.ServerCleanup", "AuthenticatorHttpModule.ServerCleanup\Authenticator.HttpModule.ServerCleanup.csproj", "{25E4C4F5-FC15-4197-852C-607EE91F3F07}"
EndProject
Project("{FAE04EC0-301F-11D3-BF4B-00C04F79EFBC}") = "Authenticator.HttpModule", "Autheticator.HttpModule\Authenticator.HttpModule.csproj", "{2A0F76F2-2FA7-46CE-81AA-D54E6B1B0C91}"
EndProject
Global
	GlobalSection(SolutionConfigurationPlatforms) = preSolution
		Debug|Any CPU = Debug|Any CPU
		Release|Any CPU = Release|Any CPU
	EndGlobalSection
	GlobalSection(ProjectConfigurationPlatforms) = postSolution
		{25E4C4F5-FC15-4197-852C-607EE91F3F07}.Debug|Any CPU.ActiveCfg = Debug|Any CPU
		{25E4C4F5-FC15-4197-852C-607EE91F3F07}.Debug|Any CPU.Build.0 = Debug|Any CPU
		{25E4C4F5-FC15-4197-852C-607EE91F3F07}.Release|Any CPU.ActiveCfg = Release|Any CPU
		{25E4C4F5-FC15-4197-852C-607EE91F3F07}.Release|Any CPU.Build.0 = Release|Any CPU
		{2A0F76F2-2FA7-46CE-81AA-D54E6B1B0C91}.Debug|Any CPU.ActiveCfg = Debug|Any CPU
		{2A0F76F2-2FA7-46CE-81AA-D54E6B1B0C91}.Debug|Any CPU.Build.0 = Debug|Any CPU
		{2A0F76F2-2FA7-46CE-81AA-D54E6B1B0C91}.Release|Any CPU.ActiveCfg = Release|Any CPU
		{2A0F76F2-2FA7-46CE-81AA-D54E6B1B0C91}.Release|Any CPU.Build.0 = Release|Any CPU
	EndGlobalSection
	GlobalSection(SolutionProperties) = preSolution
		HideSolutionNode = FALSE
	EndGlobalSection
	GlobalSection(ExtensibilityGlobals) = postSolution
		SolutionGuid = {E4739348-9AFD-4F24-8D46-36CBCFE615F6}
	EndGlobalSection
EndGlobal
